github.com/joho/godotenv v1.3.0 h1:Zjp+RcGpHhGlrMbJzXTrZZPrWj+1vfm90La1wgB6Bhc=
github.com/joho/godotenv v1.3.0/go.mod h1:7hK45KPybAkOC6peb+G5yklZfMxEjkZhHbwpqxOKXbg=
github.com/victorspringer/http-cache v0.0.0-20190721184638-fe78e97af707 h1:Pg/LJmFZnr+hlP9sohJKDaxi1nTSOPvGNo8dBBgRIkM=
github.com/victorspringer/http-cache v0.0.0-20190721184638-fe78e97af707/go.mod h1:V7CEaXWuLs0tH3DNWqJO+GVr8YgiAwRgBh76T4LNSPU=
